
Microsoft Visual Studio Solution File, Format Version 12.00
# Visual Studio Version 17
VisualStudioVersion = 17.8.34408.163
MinimumVisualStudioVersion = 10.0.40219.1
Project("{FAE04EC0-301F-11D3-BF4B-00C04F79EFBC}") = "Assignment2_HighQ", "Assignment2_HighQ\Assignment2_HighQ.csproj", "{E977D79A-EA51-42E5-93AA-9A76197EED8B}"
EndProject
Global
	GlobalSection(SolutionConfigurationPlatforms) = preSolution
		Debug|Any CPU = Debug|Any CPU
		Release|Any CPU = Release|Any CPU
	EndGlobalSection
	GlobalSection(ProjectConfigurationPlatforms) = postSolution
		{E977D79A-EA51-42E5-93AA-9A76197EED8B}.Debug|Any CPU.ActiveCfg = Debug|Any CPU
		{E977D79A-EA51-42E5-93AA-9A76197EED8B}.Debug|Any CPU.Build.0 = Debug|Any CPU
		{E977D79A-EA51-42E5-93AA-9A76197EED8B}.Release|Any CPU.ActiveCfg = Release|Any CPU
		{E977D79A-EA51-42E5-93AA-9A76197EED8B}.Release|Any CPU.Build.0 = Release|Any CPU
	EndGlobalSection
	GlobalSection(SolutionProperties) = preSolution
		HideSolutionNode = FALSE
	EndGlobalSection
	GlobalSection(ExtensibilityGlobals) = postSolution
		SolutionGuid = {85637222-2460-4543-8563-AD4004906758}
	EndGlobalSection
EndGlobal
